// !$*UTF8*$!
{
	archiveVersion = 1;
	classes = {
	};
	objectVersion = 50;
	objects = {

/* Begin PBXBuildFile section */
		156005E0252B611500E4EE2E /* LifecycleSwiftUIApp.swift in Sources */ = {isa = PBXBuildFile; fileRef = 156005DF252B611500E4EE2E /* LifecycleSwiftUIApp.swift */; };
		156005E2252B611500E4EE2E /* ContentView.swift in Sources */ = {isa = PBXBuildFile; fileRef = 156005E1252B611500E4EE2E /* ContentView.swift */; };
		156005E4252B611900E4EE2E /* Assets.xcassets in Resources */ = {isa = PBXBuildFile; fileRef = 156005E3252B611900E4EE2E /* Assets.xcassets */; };
		156005E7252B611900E4EE2E /* Preview Assets.xcassets in Resources */ = {isa = PBXBuildFile; fileRef = 156005E6252B611900E4EE2E /* Preview Assets.xcassets */; };
		156005F2252B644800E4EE2E /* NextScreen.swift in Sources */ = {isa = PBXBuildFile; fileRef = 156005F1252B644800E4EE2E /* NextScreen.swift */; };
		156005F5252B67E000E4EE2E /* SheetView.swift in Sources */ = {isa = PBXBuildFile; fileRef = 156005F4252B67E000E4EE2E /* SheetView.swift */; };
		15E82A26252B76DD00458306 /* EventCounter.swift in Sources */ = {isa = PBXBuildFile; fileRef = 15E82A25252B76DD00458306 /* EventCounter.swift */; };
		15E82A2A252B796800458306 /* EventCountDisplay.swift in Sources */ = {isa = PBXBuildFile; fileRef = 15E82A29252B796800458306 /* EventCountDisplay.swift */; };
/* End PBXBuildFile section */

/* Begin PBXFileReference section */
		156005DC252B611500E4EE2E /* LifecycleSwiftUI.app */ = {isa = PBXFileReference; explicitFileType = wrapper.application; includeInIndex = 0; path = LifecycleSwiftUI.app; sourceTree = BUILT_PRODUCTS_DIR; };
		156005DF252B611500E4EE2E /* LifecycleSwiftUIApp.swift */ = {isa = PBXFileReference; lastKnownFileType = sourcecode.swift; path = LifecycleSwiftUIApp.swift; sourceTree = "<group>"; };
		156005E1252B611500E4EE2E /* ContentView.swift */ = {isa = PBXFileReference; lastKnownFileType = sourcecode.swift; path = ContentView.swift; sourceTree = "<group>"; };
		156005E3252B611900E4EE2E /* Assets.xcassets */ = {isa = PBXFileReference; lastKnownFileType = folder.assetcatalog; path = Assets.xcassets; sourceTree = "<group>"; };
		156005E6252B611900E4EE2E /* Preview Assets.xcassets */ = {isa = PBXFileReference; lastKnownFileType = folder.assetcatalog; path = "Preview Assets.xcassets"; sourceTree = "<group>"; };
		156005E8252B611900E4EE2E /* Info.plist */ = {isa = PBXFileReference; lastKnownFileType = text.plist.xml; path = Info.plist; sourceTree = "<group>"; };
		156005F1252B644800E4EE2E /* NextScreen.swift */ = {isa = PBXFileReference; lastKnownFileType = sourcecode.swift; path = NextScreen.swift; sourceTree = "<group>"; };
		156005F4252B67E000E4EE2E /* SheetView.swift */ = {isa = PBXFileReference; lastKnownFileType = sourcecode.swift; path = SheetView.swift; sourceTree = "<group>"; };
		15E82A25252B76DD00458306 /* EventCounter.swift */ = {isa = PBXFileReference; lastKnownFileType = sourcecode.swift; path = EventCounter.swift; sourceTree = "<group>"; };
		15E82A29252B796800458306 /* EventCountDisplay.swift */ = {isa = PBXFileReference; lastKnownFileType = sourcecode.swift; path = EventCountDisplay.swift; sourceTree = "<group>"; };
/* End PBXFileReference section */

/* Begin PBXFrameworksBuildPhase section */
		156005D9252B611500E4EE2E /* Frameworks */ = {
			isa = PBXFrameworksBuildPhase;
			buildActionMask = 2147483647;
			files = (
			);
			runOnlyForDeploymentPostprocessing = 0;
		};
/* End PBXFrameworksBuildPhase section */

/* Begin PBXGroup section */
		156005D3252B611500E4EE2E = {
			isa = PBXGroup;
			children = (
				156005DE252B611500E4EE2E /* LifecycleSwiftUI */,
				156005DD252B611500E4EE2E /* Products */,
			);
			sourceTree = "<group>";
		};
		156005DD252B611500E4EE2E /* Products */ = {
			isa = PBXGroup;
			children = (
				156005DC252B611500E4EE2E /* LifecycleSwiftUI.app */,
			);
			name = Products;
			sourceTree = "<group>";
		};
		156005DE252B611500E4EE2E /* LifecycleSwiftUI */ = {
			isa = PBXGroup;
			children = (
				15E82A24252B76BE00458306 /* Model */,
				156005EF252B617500E4EE2E /* Views */,
				156005DF252B611500E4EE2E /* LifecycleSwiftUIApp.swift */,
				156005E3252B611900E4EE2E /* Assets.xcassets */,
				156005E8252B611900E4EE2E /* Info.plist */,
				156005E5252B611900E4EE2E /* Preview Content */,
			);
			path = LifecycleSwiftUI;
			sourceTree = "<group>";
		};
		156005E5252B611900E4EE2E /* Preview Content */ = {
			isa = PBXGroup;
			children = (
				156005E6252B611900E4EE2E /* Preview Assets.xcassets */,
			);
			path = "Preview Content";
			sourceTree = "<group>";
		};
		156005EF252B617500E4EE2E /* Views */ = {
			isa = PBXGroup;
			children = (
				156005E1252B611500E4EE2E /* ContentView.swift */,
				156005F1252B644800E4EE2E /* NextScreen.swift */,
				156005F4252B67E000E4EE2E /* SheetView.swift */,
				15E82A29252B796800458306 /* EventCountDisplay.swift */,
			);
			path = Views;
			sourceTree = "<group>";
		};
		15E82A24252B76BE00458306 /* Model */ = {
			isa = PBXGroup;
			children = (
				15E82A25252B76DD00458306 /* EventCounter.swift */,
			);
			path = Model;
			sourceTree = "<group>";
		};
/* End PBXGroup section */

/* Begin PBXNativeTarget section */
		156005DB252B611500E4EE2E /* LifecycleSwiftUI */ = {
			isa = PBXNativeTarget;
			buildConfigurationList = 156005EB252B611900E4EE2E /* Build configuration list for PBXNativeTarget "LifecycleSwiftUI" */;
			buildPhases = (
				156005D8252B611500E4EE2E /* Sources */,
				156005D9252B611500E4EE2E /* Frameworks */,
				156005DA252B611500E4EE2E /* Resources */,
			);
			buildRules = (
			);
			dependencies = (
			);
			name = LifecycleSwiftUI;
			productName = LifecycleSwiftUI;
			productReference = 156005DC252B611500E4EE2E /* LifecycleSwiftUI.app */;
			productType = "com.apple.product-type.application";
		};
/* End PBXNativeTarget section */

/* Begin PBXProject section */
		156005D4252B611500E4EE2E /* Project object */ = {
			isa = PBXProject;
			attributes = {
				LastSwiftUpdateCheck = 1200;
				LastUpgradeCheck = 1200;
				TargetAttributes = {
					156005DB252B611500E4EE2E = {
						CreatedOnToolsVersion = 12.0.1;
					};
				};
			};
			buildConfigurationList = 156005D7252B611500E4EE2E /* Build configuration list for PBXProject "LifecycleSwiftUI" */;
			compatibilityVersion = "Xcode 9.3";
			developmentRegion = en;
			hasScannedForEncodings = 0;
			knownRegions = (
				en,
				Base,
			);
			mainGroup = 156005D3252B611500E4EE2E;
			productRefGroup = 156005DD252B611500E4EE2E /* Products */;
			projectDirPath = "";
			projectRoot = "";
			targets = (
				156005DB252B611500E4EE2E /* LifecycleSwiftUI */,
			);
		};
/* End PBXProject section */

/* Begin PBXResourcesBuildPhase section */
		156005DA252B611500E4EE2E /* Resources */ = {
			isa = PBXResourcesBuildPhase;
			buildActionMask = 2147483647;
			files = (
				156005E7252B611900E4EE2E /* Preview Assets.xcassets in Resources */,
				156005E4252B611900E4EE2E /* Assets.xcassets in Resources */,
			);
			runOnlyForDeploymentPostprocessing = 0;
		};
/* End PBXResourcesBuildPhase section */

/* Begin PBXSourcesBuildPhase section */
		156005D8252B611500E4EE2E /* Sources */ = {
			isa = PBXSourcesBuildPhase;
			buildActionMask = 2147483647;
			files = (
				156005E2252B611500E4EE2E /* ContentView.swift in Sources */,
				15E82A2A252B796800458306 /* EventCountDisplay.swift in Sources */,
				156005F2252B644800E4EE2E /* NextScreen.swift in Sources */,
				156005F5252B67E000E4EE2E /* SheetView.swift in Sources */,
				156005E0252B611500E4EE2E /* LifecycleSwiftUIApp.swift in Sources */,
				15E82A26252B76DD00458306 /* EventCounter.swift in Sources */,
			);
			runOnlyForDeploymentPostprocessing = 0;
		};
/* End PBXSourcesBuildPhase section */

/* Begin XCBuildConfiguration section */
		156005E9252B611900E4EE2E /* Debug */ = {
			isa = XCBuildConfiguration;
			buildSettings = {
				ALWAYS_SEARCH_USER_PATHS = NO;
				CLANG_ANALYZER_NONNULL = YES;
				CLANG_ANALYZER_NUMBER_OBJECT_CONVERSION = YES_AGGRESSIVE;
				CLANG_CXX_LANGUAGE_STANDARD = "gnu++14";
				CLANG_CXX_LIBRARY = "libc++";
				CLANG_ENABLE_MODULES = YES;
				CLANG_ENABLE_OBJC_ARC = YES;
				CLANG_ENABLE_OBJC_WEAK = YES;
				CLANG_WARN_BLOCK_CAPTURE_AUTORELEASING = YES;
				CLANG_WARN_BOOL_CONVERSION = YES;
				CLANG_WARN_COMMA = YES;
				CLANG_WARN_CONSTANT_CONVERSION = YES;
				CLANG_WARN_DEPRECATED_OBJC_IMPLEMENTATIONS = YES;
				CLANG_WARN_DIRECT_OBJC_ISA_USAGE = YES_ERROR;
				CLANG_WARN_DOCUMENTATION_COMMENTS = YES;
				CLANG_WARN_EMPTY_BODY = YES;
				CLANG_WARN_ENUM_CONVERSION = YES;
				CLANG_WARN_INFINITE_RECURSION = YES;
				CLANG_WARN_INT_CONVERSION = YES;
				CLANG_WARN_NON_LITERAL_NULL_CONVERSION = YES;
				CLANG_WARN_OBJC_IMPLICIT_RETAIN_SELF = YES;
				CLANG_WARN_OBJC_LITERAL_CONVERSION = YES;
				CLANG_WARN_OBJC_ROOT_CLASS = YES_ERROR;
				CLANG_WARN_QUOTED_INCLUDE_IN_FRAMEWORK_HEADER = YES;
				CLANG_WARN_RANGE_LOOP_ANALYSIS = YES;
				CLANG_WARN_STRICT_PROTOTYPES = YES;
				CLANG_WARN_SUSPICIOUS_MOVE = YES;
				CLANG_WARN_UNGUARDED_AVAILABILITY = YES_AGGRESSIVE;
				CLANG_WARN_UNREACHABLE_CODE = YES;
				CLANG_WARN__DUPLICATE_METHOD_MATCH = YES;
				COPY_PHASE_STRIP = NO;
				DEBUG_INFORMATION_FORMAT = dwarf;
				ENABLE_STRICT_OBJC_MSGSEND = YES;
				ENABLE_TESTABILITY = YES;
				GCC_C_LANGUAGE_STANDARD = gnu11;
				GCC_DYNAMIC_NO_PIC = NO;
				GCC_NO_COMMON_BLOCKS = YES;
				GCC_OPTIMIZATION_LEVEL = 0;
				GCC_PREPROCESSOR_DEFINITIONS = (
					"DEBUG=1",
					"$(inherited)",
				);
				GCC_WARN_64_TO_32_BIT_CONVERSION = YES;
				GCC_WARN_ABOUT_RETURN_TYPE = YES_ERROR;
				GCC_WARN_UNDECLARED_SELECTOR = YES;
				GCC_WARN_UNINITIALIZED_AUTOS = YES_AGGRESSIVE;
				GCC_WARN_UNUSED_FUNCTION = YES;
				GCC_WARN_UNUSED_VARIABLE = YES;
				IPHONEOS_DEPLOYMENT_TARGET = 14.0;
				MTL_ENABLE_DEBUG_INFO = INCLUDE_SOURCE;
				MTL_FAST_MATH = YES;
				ONLY_ACTIVE_ARCH = YES;
				SDKROOT = iphoneos;
				SWIFT_ACTIVE_COMPILATION_CONDITIONS = DEBUG;
				SWIFT_OPTIMIZATION_LEVEL = "-Onone";
			};
			name = Debug;
		};
		156005EA252B611900E4EE2E /* Release */ = {
			isa = XCBuildConfiguration;
			buildSettings = {
				ALWAYS_SEARCH_USER_PATHS = NO;
				CLANG_ANALYZER_NONNULL = YES;
				CLANG_ANALYZER_NUMBER_OBJECT_CONVERSION = YES_AGGRESSIVE;
				CLANG_CXX_LANGUAGE_STANDARD = "gnu++14";
				CLANG_CXX_LIBRARY = "libc++";
				CLANG_ENABLE_MODULES = YES;
				CLANG_ENABLE_OBJC_ARC = YES;
				CLANG_ENABLE_OBJC_WEAK = YES;
				CLANG_WARN_BLOCK_CAPTURE_AUTORELEASING = YES;
				CLANG_WARN_BOOL_CONVERSION = YES;
				CLANG_WARN_COMMA = YES;
				CLANG_WARN_CONSTANT_CONVERSION = YES;
				CLANG_WARN_DEPRECATED_OBJC_IMPLEMENTATIONS = YES;
				CLANG_WARN_DIRECT_OBJC_ISA_USAGE = YES_ERROR;
				CLANG_WARN_DOCUMENTATION_COMMENTS = YES;
				CLANG_WARN_EMPTY_BODY = YES;
				CLANG_WARN_ENUM_CONVERSION = YES;
				CLANG_WARN_INFINITE_RECURSION = YES;
				CLANG_WARN_INT_CONVERSION = YES;
				CLANG_WARN_NON_LITERAL_NULL_CONVERSION = YES;
				CLANG_WARN_OBJC_IMPLICIT_RETAIN_SELF = YES;
				CLANG_WARN_OBJC_LITERAL_CONVERSION = YES;
				CLANG_WARN_OBJC_ROOT_CLASS = YES_ERROR;
				CLANG_WARN_QUOTED_INCLUDE_IN_FRAMEWORK_HEADER = YES;
				CLANG_WARN_RANGE_LOOP_ANALYSIS = YES;
				CLANG_WARN_STRICT_PROTOTYPES = YES;
				CLANG_WARN_SUSPICIOUS_MOVE = YES;
				CLANG_WARN_UNGUARDED_AVAILABILITY = YES_AGGRESSIVE;
				CLANG_WARN_UNREACHABLE_CODE = YES;
				CLANG_WARN__DUPLICATE_METHOD_MATCH = YES;
				COPY_PHASE_STRIP = NO;
				DEBUG_INFORMATION_FORMAT = "dwarf-with-dsym";
				ENABLE_NS_ASSERTIONS = NO;
				ENABLE_STRICT_OBJC_MSGSEND = YES;
				GCC_C_LANGUAGE_STANDARD = gnu11;
				GCC_NO_COMMON_BLOCKS = YES;
				GCC_WARN_64_TO_32_BIT_CONVERSION = YES;
				GCC_WARN_ABOUT_RETURN_TYPE = YES_ERROR;
				GCC_WARN_UNDECLARED_SELECTOR = YES;
				GCC_WARN_UNINITIALIZED_AUTOS = YES_AGGRESSIVE;
				GCC_WARN_UNUSED_FUNCTION = YES;
				GCC_WARN_UNUSED_VARIABLE = YES;
				IPHONEOS_DEPLOYMENT_TARGET = 14.0;
				MTL_ENABLE_DEBUG_INFO = NO;
				MTL_FAST_MATH = YES;
				SDKROOT = iphoneos;
				SWIFT_COMPILATION_MODE = wholemodule;
				SWIFT_OPTIMIZATION_LEVEL = "-O";
				VALIDATE_PRODUCT = YES;
			};
			name = Release;
		};
		156005EC252B611900E4EE2E /* Debug */ = {
			isa = XCBuildConfiguration;
			buildSettings = {
				ASSETCATALOG_COMPILER_APPICON_NAME = AppIcon;
				ASSETCATALOG_COMPILER_GLOBAL_ACCENT_COLOR_NAME = AccentColor;
				CODE_SIGN_STYLE = Automatic;
				DEVELOPMENT_ASSET_PATHS = "\"LifecycleSwiftUI/Preview Content\"";
				DEVELOPMENT_TEAM = LAGG8K2H98;
				ENABLE_PREVIEWS = YES;
				INFOPLIST_FILE = LifecycleSwiftUI/Info.plist;
				IPHONEOS_DEPLOYMENT_TARGET = 14.0;
				LD_RUNPATH_SEARCH_PATHS = (
					"$(inherited)",
					"@executable_path/Frameworks",
				);
				PRODUCT_BUNDLE_IDENTIFIER = com.qalang.LifecycleSwiftUI;
				PRODUCT_NAME = "$(TARGET_NAME)";
				SWIFT_VERSION = 5.0;
				TARGETED_DEVICE_FAMILY = "1,2";
			};
			name = Debug;
		};
		156005ED252B611900E4EE2E /* Release */ = {
			isa = XCBuildConfiguration;
			buildSettings = {
				ASSETCATALOG_COMPILER_APPICON_NAME = AppIcon;
				ASSETCATALOG_COMPILER_GLOBAL_ACCENT_COLOR_NAME = AccentColor;
				CODE_SIGN_STYLE = Automatic;
				DEVELOPMENT_ASSET_PATHS = "\"LifecycleSwiftUI/Preview Content\"";
				DEVELOPMENT_TEAM = LAGG8K2H98;
				ENABLE_PREVIEWS = YES;
				INFOPLIST_FILE = LifecycleSwiftUI/Info.plist;
				IPHONEOS_DEPLOYMENT_TARGET = 14.0;
				LD_RUNPATH_SEARCH_PATHS = (
					"$(inherited)",
					"@executable_path/Frameworks",
				);
				PRODUCT_BUNDLE_IDENTIFIER = com.qalang.LifecycleSwiftUI;
				PRODUCT_NAME = "$(TARGET_NAME)";
				SWIFT_VERSION = 5.0;
				TARGETED_DEVICE_FAMILY = "1,2";
			};
			name = Release;
		};
/* End XCBuildConfiguration section */

/* Begin XCConfigurationList section */
		156005D7252B611500E4EE2E /* Build configuration list for PBXProject "LifecycleSwiftUI" */ = {
			isa = XCConfigurationList;
			buildConfigurations = (
				156005E9252B611900E4EE2E /* Debug */,
				156005EA252B611900E4EE2E /* Release */,
			);
			defaultConfigurationIsVisible = 0;
			defaultConfigurationName = Release;
		};
		156005EB252B611900E4EE2E /* Build configuration list for PBXNativeTarget "LifecycleSwiftUI" */ = {
			isa = XCConfigurationList;
			buildConfigurations = (
				156005EC252B611900E4EE2E /* Debug */,
				156005ED252B611900E4EE2E /* Release */,
			);
			defaultConfigurationIsVisible = 0;
			defaultConfigurationName = Release;
		};
/* End XCConfigurationList section */
	};
	rootObject = 156005D4252B611500E4EE2E /* Project object */;
}
